schema: '2.0'
stages:
  data_ingestion:
    cmd: python src/data_ingestion.py
    deps:
    - path: config/paths_config.py
      hash: md5
      md5: 5c9020bda0da3cad7ab525b10ba746ff
      size: 743
    - path: src/data_ingestion.py
      hash: md5
      md5: fd8877efbecd0a70df8283410917d206
      size: 1776
    outs:
    - path: artifacts/ingested_data
      hash: md5
      md5: 87db829143ee7d0dac911b9574e475e1.dir
      size: 16556575
      nfiles: 2
  data_processing:
    cmd: python src/data_processing.py
    deps:
    - path: config/paths_config.py
      hash: md5
      md5: 5c9020bda0da3cad7ab525b10ba746ff
      size: 743
    - path: src/data_processing.py
      hash: md5
      md5: a0e9d5f19a4b5e8146dd840e92c8546e
      size: 2506
    outs:
    - path: artifacts/processed_data
      hash: md5
      md5: c8757e65519f6f0e184b70975baab199.dir
      size: 11184528
      nfiles: 1
  feature_engineering:
    cmd: python src/feature_engineering.py
    deps:
    - path: config/paths_config.py
      hash: md5
      md5: 5c9020bda0da3cad7ab525b10ba746ff
      size: 743
    - path: src/feature_engineering.py
      hash: md5
      md5: 7b76068315449ac4ad5d29846f4d85ed
      size: 4839
    - path: utils/helpers.py
      hash: md5
      md5: 6ea5e10193fcdeb7637bca8045d2a91a
      size: 345
    outs:
    - path: artifacts/engineered_data
      hash: md5
      md5: fe8014150dd0f94118c263ea55b5b465.dir
      size: 6674372
      nfiles: 1
  model_training:
    cmd: python src/model_training.py
    deps:
    - path: config/paths_config.py
      hash: md5
      md5: 5c9020bda0da3cad7ab525b10ba746ff
      size: 743
    - path: src/model_training.py
      hash: md5
      md5: f3a85a58d65fedeb086219bd2c6554df
      size: 4962
    outs:
    - path: artifacts/models
      hash: md5
      md5: ed0de31a7ae1d679316bf4e998329d6e.dir
      size: 1042148
      nfiles: 1
